#MicroXplorer Configuration settings - do not modify
File.Version=5
KeepUserPlacement=false
Mcu.Family=STM32F1
Mcu.IP0=NVIC
Mcu.IP1=RCC
Mcu.IP2=SPI1
Mcu.IP3=SYS
Mcu.IPNb=4
Mcu.Name=STM32F103R(F-G)Tx
Mcu.Package=LQFP64
Mcu.Pin0=PA3
Mcu.Pin1=PA4
Mcu.Pin2=PA5
Mcu.Pin3=PA6
Mcu.Pin4=PA7
Mcu.Pin5=PA13
Mcu.Pin6=PA14
Mcu.PinsNb=7
Mcu.UserConstants=
Mcu.UserName=STM32F103RGTx
MxCube.Version=4.11.0
MxDb.Version=DB.4.0.110
NVIC.PriorityGroup=NVIC_PRIORITYGROUP_4
NVIC.SysTick_IRQn=true\:0\:0\:false
PA13.Mode=Serial_Wire
PA13.Signal=SYS_JTMS-SWDIO
PA14.Mode=Serial_Wire
PA14.Signal=SYS_JTCK-SWCLK
PA3.Locked=true
PA3.Signal=GPIO_Input
PA4.Locked=true
PA4.Signal=GPIO_Output
PA5.Mode=Full_Duplex_Master
PA5.Signal=SPI1_SCK
PA6.Mode=Full_Duplex_Master
PA6.Signal=SPI1_MISO
PA7.Mode=Full_Duplex_Master
PA7.Signal=SPI1_MOSI
PCC.Checker=false
PCC.Line=STM32F103
PCC.MCU=STM32F103R(F-G)Tx
PCC.MXVersion=4.11.0
PCC.PartNumber=STM32F103RGTx
PCC.Seq0=0
PCC.Series=STM32F1
PCC.Temperature=25
PCC.Vdd=3.3
RCC.APB1Freq_Value=8000000
RCC.APB2Freq_Value=8000000
RCC.FamilyName=M
RCC.IPParameters=FamilyName,TimSysFreq_Value,APB1Freq_Value,APB2Freq_Value,PLLCLKFreq_Value,PLLMCOFreq_Value
RCC.PLLCLKFreq_Value=8000000
RCC.PLLMCOFreq_Value=4000000
RCC.TimSysFreq_Value=8000000
SPI1.CalculateBaudRate=4.0 MBits/s
SPI1.IPParameters=Mode,CalculateBaudRate
SPI1.Mode=SPI_MODE_MASTER
