#MicroXplorer Configuration settings - do not modify
File.Version=5
KeepUserPlacement=false
Mcu.Family=STM32F1
Mcu.IP0=NVIC
Mcu.IP1=RCC
Mcu.IP2=SPI1
Mcu.IP3=SPI2
Mcu.IP4=SPI3
Mcu.IP5=SYS
Mcu.IP6=USART1
Mcu.IPNb=7
Mcu.Name=STM32F103R(C-D-E)Tx
Mcu.Package=LQFP64
Mcu.Pin0=PC0
Mcu.Pin1=PC1
Mcu.Pin10=PA7
Mcu.Pin11=PB13
Mcu.Pin12=PB14
Mcu.Pin13=PB15
Mcu.Pin14=PA9
Mcu.Pin15=PA10
Mcu.Pin16=PA13
Mcu.Pin17=PA14
Mcu.Pin18=PB3
Mcu.Pin19=PB4
Mcu.Pin2=PC2
Mcu.Pin20=PB5
Mcu.Pin3=PC3
Mcu.Pin4=PA0-WKUP
Mcu.Pin5=PA1
Mcu.Pin6=PA2
Mcu.Pin7=PA3
Mcu.Pin8=PA5
Mcu.Pin9=PA6
Mcu.PinsNb=21
Mcu.UserConstants=
Mcu.UserName=STM32F103RCTx
MxCube.Version=4.11.0
MxDb.Version=DB.4.0.110
NVIC.PriorityGroup=NVIC_PRIORITYGROUP_4
NVIC.SysTick_IRQn=true\:0\:0\:false
PA0-WKUP.Locked=true
PA0-WKUP.Signal=GPIO_Output
PA1.Locked=true
PA1.Signal=GPIO_Output
PA10.Mode=Asynchronous
PA10.Signal=USART1_RX
PA13.Mode=Serial_Wire
PA13.Signal=SYS_JTMS-SWDIO
PA14.Mode=Serial_Wire
PA14.Signal=SYS_JTCK-SWCLK
PA2.Locked=true
PA2.Signal=GPIO_Output
PA3.Locked=true
PA3.Signal=GPIO_Output
PA5.Mode=Full_Duplex_Master
PA5.Signal=SPI1_SCK
PA6.Mode=Full_Duplex_Master
PA6.Signal=SPI1_MISO
PA7.Mode=Full_Duplex_Master
PA7.Signal=SPI1_MOSI
PA9.Mode=Asynchronous
PA9.Signal=USART1_TX
PB13.Mode=Full_Duplex_Master
PB13.Signal=SPI2_SCK
PB14.Mode=Full_Duplex_Master
PB14.Signal=SPI2_MISO
PB15.Mode=Full_Duplex_Master
PB15.Signal=SPI2_MOSI
PB3.Mode=Full_Duplex_Master
PB3.Signal=SPI3_SCK
PB4.Mode=Full_Duplex_Master
PB4.Signal=SPI3_MISO
PB5.Mode=Full_Duplex_Master
PB5.Signal=SPI3_MOSI
PC0.Locked=true
PC0.Signal=GPIO_Output
PC1.Locked=true
PC1.Signal=GPIO_Output
PC2.Locked=true
PC2.Signal=GPIO_Output
PC3.Locked=true
PC3.Signal=GPIO_Output
PCC.Checker=false
PCC.Line=STM32F103
PCC.MCU=STM32F103R(C-D-E)Tx
PCC.MXVersion=4.11.0
PCC.PartNumber=STM32F103RCTx
PCC.Seq0=0
PCC.Series=STM32F1
PCC.Temperature=25
PCC.Vdd=3.3
ProjectManager.AskForMigrate=true
ProjectManager.BackupPrevious=false
ProjectManager.CompilerOptimize=2
ProjectManager.ComputerToolchain=false
ProjectManager.CoupleFile=false
ProjectManager.DeletePrevious=true
ProjectManager.DeviceId=STM32F103RCTx
ProjectManager.FirmwarePackage=STM32Cube FW_F1 V1.2.0
ProjectManager.FreePins=false
ProjectManager.HalAssertFull=false
ProjectManager.KeepUserCode=true
ProjectManager.LastFirmware=true
ProjectManager.LibraryCopy=0
ProjectManager.ProjectBuild=false
ProjectManager.ProjectFileName=V02.ioc
ProjectManager.ProjectName=V02
ProjectManager.TargetToolchain=SW4STM32
ProjectManager.ToolChainLocation=
RCC.APB1Freq_Value=8000000
RCC.APB2Freq_Value=8000000
RCC.FamilyName=M
RCC.IPParameters=FamilyName,TimSysFreq_Value,APB1Freq_Value,APB2Freq_Value,PLLCLKFreq_Value,PLLMCOFreq_Value,PLLSourceVirtual
RCC.PLLCLKFreq_Value=8000000
RCC.PLLMCOFreq_Value=4000000
RCC.PLLSourceVirtual=RCC_PLLSOURCE_HSI_DIV2
RCC.TimSysFreq_Value=8000000
SPI1.CalculateBaudRate=4.0 MBits/s
SPI1.IPParameters=Mode,CalculateBaudRate
SPI1.Mode=SPI_MODE_MASTER
SPI2.CalculateBaudRate=4.0 MBits/s
SPI2.IPParameters=Mode,CalculateBaudRate
SPI2.Mode=SPI_MODE_MASTER
SPI3.CalculateBaudRate=4.0 MBits/s
SPI3.IPParameters=Mode,CalculateBaudRate
SPI3.Mode=SPI_MODE_MASTER
board=V02
